# This file is automatically @generated by Cargo.
# It is not intended for manual editing.
[[package]]
name = "chunk-json-lite"
version = "0.1.0"
dependencies = [
 "count-write 0.1.0 (registry+https://github.com/rust-lang/crates.io-index)",
 "human-size 0.4.0 (registry+https://github.com/rust-lang/crates.io-index)",
 "json 0.12.0 (registry+https://github.com/rust-lang/crates.io-index)",
 "main_error 0.1.0 (registry+https://github.com/rust-lang/crates.io-index)",
]

[[package]]
name = "count-write"
version = "0.1.0"
source = "registry+https://github.com/rust-lang/crates.io-index"

[[package]]
name = "human-size"
version = "0.4.0"
source = "registry+https://github.com/rust-lang/crates.io-index"

[[package]]
name = "json"
version = "0.12.0"
source = "registry+https://github.com/rust-lang/crates.io-index"

[[package]]
name = "main_error"
version = "0.1.0"
source = "registry+https://github.com/rust-lang/crates.io-index"

[metadata]
"checksum count-write 0.1.0 (registry+https://github.com/rust-lang/crates.io-index)" = "ced507ab50aa0123e2c54db8b5f44fdfee04b1c93744d69e924307945fe57a85"
"checksum human-size 0.4.0 (registry+https://github.com/rust-lang/crates.io-index)" = "5bec6e801ef7367625bd94ad7e2965e6027189f3e9deef422388d993af2814a0"
"checksum json 0.12.0 (registry+https://github.com/rust-lang/crates.io-index)" = "b3ca41abbeb7615d56322a984e63be5e5d0a117dfaca86c14393e32a762ccac1"
"checksum main_error 0.1.0 (registry+https://github.com/rust-lang/crates.io-index)" = "3516df0fb44d98fe6d6e859d224adfb7b6686447937e5b96308d6061595eed04"
